// !$*UTF8*$!
{
	archiveVersion = 1;
	classes = {
	};
	objectVersion = 54;
	objects = {

/* Begin PBXBuildFile section */
		00E356F31AD99517003FC87E /* TodoAppTests.m in Sources */ = {isa = PBXBuildFile; fileRef = 00E356F21AD99517003FC87E /* TodoAppTests.m */; };
		8A8EE9BB5683445FB0ED397E /* Sofia Pro Black Az.otf in Resources */ = {isa = PBXBuildFile; fileRef = 99C0C9B1B730488CAF1A8C79 /* Sofia Pro Black Az.otf */; };
		5B31382ECD2C45E2B10BBA88 /* Sofia Pro Black Italic Az.otf in Resources */ = {isa = PBXBuildFile; fileRef = 70D649AA08494042B07ECE25 /* Sofia Pro Black Italic Az.otf */; };
		0D090DB7B5924CA0AA5BF260 /* Sofia Pro Bold Az.otf in Resources */ = {isa = PBXBuildFile; fileRef = C6C1DE89FC234218B0188E5D /* Sofia Pro Bold Az.otf */; };
		A89E3654532D4EE8BC7A1719 /* Sofia Pro Bold Italic Az.otf in Resources */ = {isa = PBXBuildFile; fileRef = B4F538E14C74492F9A8C2110 /* Sofia Pro Bold Italic Az.otf */; };
		3B35C3B3683040B18CAFCA66 /* Sofia Pro ExtraLight Az.otf in Resources */ = {isa = PBXBuildFile; fileRef = 351924AF7A6A43998084AAA0 /* Sofia Pro ExtraLight Az.otf */; };
		F6CDD9F8C3F547E9B040EA1C /* Sofia Pro ExtraLight Italic Az.otf in Resources */ = {isa = PBXBuildFile; fileRef = C132145EFAAC4DC18D32863B /* Sofia Pro ExtraLight Italic Az.otf */; };
		B3D8C55EF376496988F4AEA9 /* Sofia Pro Light Az.otf in Resources */ = {isa = PBXBuildFile; fileRef = 937B1DABD34B48C289ED4CCB /* Sofia Pro Light Az.otf */; };
		9A4AD018FAFD40759F9AC32B /* Sofia Pro Light Italic Az.otf in Resources */ = {isa = PBXBuildFile; fileRef = 72937C973D78455E81390B20 /* Sofia Pro Light Italic Az.otf */; };
		47C4B9998F404C37AC02A965 /* Sofia Pro Medium Az.otf in Resources */ = {isa = PBXBuildFile; fileRef = 82CA4161A7E3451EA489B35B /* Sofia Pro Medium Az.otf */; };
		FED008B594074ABCB397355A /* Sofia Pro Medium Italic Az.otf in Resources */ = {isa = PBXBuildFile; fileRef = 1368648BBCAD4D49A4E47CA1 /* Sofia Pro Medium Italic Az.otf */; };
		97091A4D158147898B954B6D /* Sofia Pro Regular Az.otf in Resources */ = {isa = PBXBuildFile; fileRef = BCF75D042DD14C64820C0986 /* Sofia Pro Regular Az.otf */; };
		6504035C69BD49EFBAB4CCE4 /* Sofia Pro Regular Italic Az.otf in Resources */ = {isa = PBXBuildFile; fileRef = E068263C1DE24ADFA2563B92 /* Sofia Pro Regular Italic Az.otf */; };
		DCC1F53600F847DCAE3AA947 /* Sofia Pro Semi Bold Az.otf in Resources */ = {isa = PBXBuildFile; fileRef = E43969D8F0E4439B92CFF7D2 /* Sofia Pro Semi Bold Az.otf */; };
		F658F4320F584BB8B4CDF4AB /* Sofia Pro Semi Bold Italic Az.otf in Resources */ = {isa = PBXBuildFile; fileRef = CB732EEDE7104CE8BE9F84FC /* Sofia Pro Semi Bold Italic Az.otf */; };
		3A988F705091421C80B55BD3 /* Sofia Pro UltraLight Az.otf in Resources */ = {isa = PBXBuildFile; fileRef = 258C3B68A26C43A3B1532C0B /* Sofia Pro UltraLight Az.otf */; };
		023EFE6C2545455A9293D37D /* Sofia Pro UltraLight Italic Az.otf in Resources */ = {isa = PBXBuildFile; fileRef = D54128326000424D80254C68 /* Sofia Pro UltraLight Italic Az.otf */; };
		3E8B53063ECA47BC84759BA5 /* todo_splash.png in Resources */ = {isa = PBXBuildFile; fileRef = 95A3EDE6A0B3455B85BAF00E /* todo_splash.png */; };
		403E2AEEA3004E67B6EDA0E7 /* todol_icon.png in Resources */ = {isa = PBXBuildFile; fileRef = 3D4CFD7777824D6B86F6972F /* todol_icon.png */; };
/* End PBXBuildFile section */

/* Begin PBXFileReference section */
		00E356EE1AD99517003FC87E /* TodoAppTests.xctest */ = {isa = PBXFileReference; explicitFileType = wrapper.cfbundle; includeInIndex = 0; path = TodoAppTests.xctest; sourceTree = BUILT_PRODUCTS_DIR; };
		00E356F11AD99517003FC87E /* Info.plist */ = {isa = PBXFileReference; lastKnownFileType = text.plist.xml; path = Info.plist; sourceTree = "<group>"; };
		00E356F21AD99517003FC87E /* TodoAppTests.m */ = {isa = PBXFileReference; lastKnownFileType = sourcecode.c.objc; path = TodoAppTests.m; sourceTree = "<group>"; };
		0157E4AEAC534975BC46A65D /* HurmeGeometricSans1-Light.otf */ = {isa = PBXFileReference; explicitFileType = undefined; fileEncoding = 9; includeInIndex = 0; lastKnownFileType = unknown; name = "HurmeGeometricSans1-Light.otf"; path = "../assets/Fonts/HurmeGeometricSans1-Light.otf"; sourceTree = "<group>"; };
		06E0D88AD87C4CCBB7720124 /* icomoon.ttf */ = {isa = PBXFileReference; explicitFileType = undefined; fileEncoding = 9; includeInIndex = 0; lastKnownFileType = unknown; name = icomoon.ttf; path = ../assets/Icons/icomoon.ttf; sourceTree = "<group>"; };
		09F142FEC6474373A43DFF84 /* selection.json */ = {isa = PBXFileReference; explicitFileType = undefined; fileEncoding = 9; includeInIndex = 0; lastKnownFileType = unknown; name = selection.json; path = ../assets/Icons/selection.json; sourceTree = "<group>"; };
		0F1C742A2C468F9600B8AA6C /* Info.plist */ = {isa = PBXFileReference; lastKnownFileType = text.plist.xml; path = Info.plist; sourceTree = "<group>"; };
		0FC494772C46771C0096C047 /* hermes.xcframework */ = {isa = PBXFileReference; lastKnownFileType = wrapper.xcframework; name = hermes.xcframework; path = "Pods/hermes-engine/destroot/Library/Frameworks/universal/hermes.xcframework"; sourceTree = "<group>"; };
		0FC494792C4677350096C047 /* libReact-hermes.a */ = {isa = PBXFileReference; explicitFileType = archive.ar; path = "libReact-hermes.a"; sourceTree = BUILT_PRODUCTS_DIR; };
		13B07FAF1A68108700A75B9A /* AppDelegate.h */ = {isa = PBXFileReference; fileEncoding = 4; lastKnownFileType = sourcecode.c.h; name = AppDelegate.h; path = TodoApp/AppDelegate.h; sourceTree = "<group>"; };
		13B07FB01A68108700A75B9A /* AppDelegate.mm */ = {isa = PBXFileReference; fileEncoding = 4; lastKnownFileType = sourcecode.cpp.objcpp; name = AppDelegate.mm; path = TodoApp/AppDelegate.mm; sourceTree = "<group>"; };
		13B07FB51A68108700A75B9A /* Images.xcassets */ = {isa = PBXFileReference; lastKnownFileType = folder.assetcatalog; name = Images.xcassets; path = TodoApp/Images.xcassets; sourceTree = "<group>"; };
		13B07FB71A68108700A75B9A /* main.m */ = {isa = PBXFileReference; fileEncoding = 4; lastKnownFileType = sourcecode.c.objc; name = main.m; path = TodoApp/main.m; sourceTree = "<group>"; };
		13B07FB81A68108700A75B9A /* PrivacyInfo.xcprivacy */ = {isa = PBXFileReference; fileEncoding = 4; lastKnownFileType = text.plist.xml; name = PrivacyInfo.xcprivacy; path = TodoApp/PrivacyInfo.xcprivacy; sourceTree = "<group>"; };
		2359E622A18D4380B4914988 /* HurmeGeometricSans1-BoldOblique.otf */ = {isa = PBXFileReference; explicitFileType = undefined; fileEncoding = 9; includeInIndex = 0; lastKnownFileType = unknown; name = "HurmeGeometricSans1-BoldOblique.otf"; path = "../assets/Fonts/HurmeGeometricSans1-BoldOblique.otf"; sourceTree = "<group>"; };
		280B1E281672488BA3AF932F /* HurmeGeometricSans1.otf */ = {isa = PBXFileReference; explicitFileType = undefined; fileEncoding = 9; includeInIndex = 0; lastKnownFileType = unknown; name = HurmeGeometricSans1.otf; path = ../assets/Fonts/HurmeGeometricSans1.otf; sourceTree = "<group>"; };
		2988D5FDC1964B2A9E4C3C40 /* Caveat-Regular.ttf */ = {isa = PBXFileReference; explicitFileType = undefined; fileEncoding = 9; includeInIndex = 0; lastKnownFileType = unknown; name = "Caveat-Regular.ttf"; path = "../assets/Fonts/Caveat-Regular.ttf"; sourceTree = "<group>"; };
		3D5DE665BBA849D08D4390E8 /* add_icon.png */ = {isa = PBXFileReference; explicitFileType = undefined; fileEncoding = 9; includeInIndex = 0; lastKnownFileType = unknown; name = add_icon.png; path = ../assets/Images/add_icon.png; sourceTree = "<group>"; };
		4008EADD2F824ABAA2042DC8 /* burger_menu.png */ = {isa = PBXFileReference; explicitFileType = undefined; fileEncoding = 9; includeInIndex = 0; lastKnownFileType = unknown; name = burger_menu.png; path = ../assets/Images/burger_menu.png; sourceTree = "<group>"; };
		480BCB9EB4C54AD88279AFC3 /* HurmeGeometricSans1-Black.otf */ = {isa = PBXFileReference; explicitFileType = undefined; fileEncoding = 9; includeInIndex = 0; lastKnownFileType = unknown; name = "HurmeGeometricSans1-Black.otf"; path = "../assets/Fonts/HurmeGeometricSans1-Black.otf"; sourceTree = "<group>"; };
		588BFFD64DAC4485A2766F2E /* HurmeGeometricSans1-Thin.otf */ = {isa = PBXFileReference; explicitFileType = undefined; fileEncoding = 9; includeInIndex = 0; lastKnownFileType = unknown; name = "HurmeGeometricSans1-Thin.otf"; path = "../assets/Fonts/HurmeGeometricSans1-Thin.otf"; sourceTree = "<group>"; };
		81AB9BB72411601600AC10FF /* LaunchScreen.storyboard */ = {isa = PBXFileReference; fileEncoding = 4; lastKnownFileType = file.storyboard; name = LaunchScreen.storyboard; path = TodoApp/LaunchScreen.storyboard; sourceTree = "<group>"; };
		93A07E6B44F24A338CCEBAC0 /* HurmeGeometricSans3-Bold.ttf */ = {isa = PBXFileReference; explicitFileType = undefined; fileEncoding = 9; includeInIndex = 0; lastKnownFileType = unknown; name = "HurmeGeometricSans3-Bold.ttf"; path = "../assets/Fonts/HurmeGeometricSans3-Bold.ttf"; sourceTree = "<group>"; };
		985681083E5545CC815E9A85 /* HurmeGeometricSans1-SemiBold.otf */ = {isa = PBXFileReference; explicitFileType = undefined; fileEncoding = 9; includeInIndex = 0; lastKnownFileType = unknown; name = "HurmeGeometricSans1-SemiBold.otf"; path = "../assets/Fonts/HurmeGeometricSans1-SemiBold.otf"; sourceTree = "<group>"; };
		A3FFC1838EAE42B5BBE9F8EC /* LexendDeca-VariableFont_wght.ttf */ = {isa = PBXFileReference; explicitFileType = undefined; fileEncoding = 9; includeInIndex = 0; lastKnownFileType = unknown; name = "LexendDeca-VariableFont_wght.ttf"; path = "../assets/Fonts/LexendDeca-VariableFont_wght.ttf"; sourceTree = "<group>"; };
		C316EA0E4E56AE24D89B52A7 /* PrivacyInfo.xcprivacy */ = {isa = PBXFileReference; includeInIndex = 1; lastKnownFileType = text.xml; name = PrivacyInfo.xcprivacy; path = TodoApp/PrivacyInfo.xcprivacy; sourceTree = "<group>"; };
		ED297162215061F000B7C4FE /* JavaScriptCore.framework */ = {isa = PBXFileReference; lastKnownFileType = wrapper.framework; name = JavaScriptCore.framework; path = System/Library/Frameworks/JavaScriptCore.framework; sourceTree = SDKROOT; };
		FCE4EDDD4CB7417D86524A43 /* HurmeGeometricSans1-Bold.otf */ = {isa = PBXFileReference; explicitFileType = undefined; fileEncoding = 9; includeInIndex = 0; lastKnownFileType = unknown; name = "HurmeGeometricSans1-Bold.otf"; path = "../assets/Fonts/HurmeGeometricSans1-Bold.otf"; sourceTree = "<group>"; };
		99C0C9B1B730488CAF1A8C79 /* Sofia Pro Black Az.otf */ = {isa = PBXFileReference; name = "Sofia Pro Black Az.otf"; path = "../assets/Fonts/Sofia Pro Black Az.otf"; sourceTree = "<group>"; fileEncoding = undefined; lastKnownFileType = unknown; explicitFileType = undefined; includeInIndex = 0; };
		70D649AA08494042B07ECE25 /* Sofia Pro Black Italic Az.otf */ = {isa = PBXFileReference; name = "Sofia Pro Black Italic Az.otf"; path = "../assets/Fonts/Sofia Pro Black Italic Az.otf"; sourceTree = "<group>"; fileEncoding = undefined; lastKnownFileType = unknown; explicitFileType = undefined; includeInIndex = 0; };
		C6C1DE89FC234218B0188E5D /* Sofia Pro Bold Az.otf */ = {isa = PBXFileReference; name = "Sofia Pro Bold Az.otf"; path = "../assets/Fonts/Sofia Pro Bold Az.otf"; sourceTree = "<group>"; fileEncoding = undefined; lastKnownFileType = unknown; explicitFileType = undefined; includeInIndex = 0; };
		B4F538E14C74492F9A8C2110 /* Sofia Pro Bold Italic Az.otf */ = {isa = PBXFileReference; name = "Sofia Pro Bold Italic Az.otf"; path = "../assets/Fonts/Sofia Pro Bold Italic Az.otf"; sourceTree = "<group>"; fileEncoding = undefined; lastKnownFileType = unknown; explicitFileType = undefined; includeInIndex = 0; };
		351924AF7A6A43998084AAA0 /* Sofia Pro ExtraLight Az.otf */ = {isa = PBXFileReference; name = "Sofia Pro ExtraLight Az.otf"; path = "../assets/Fonts/Sofia Pro ExtraLight Az.otf"; sourceTree = "<group>"; fileEncoding = undefined; lastKnownFileType = unknown; explicitFileType = undefined; includeInIndex = 0; };
		C132145EFAAC4DC18D32863B /* Sofia Pro ExtraLight Italic Az.otf */ = {isa = PBXFileReference; name = "Sofia Pro ExtraLight Italic Az.otf"; path = "../assets/Fonts/Sofia Pro ExtraLight Italic Az.otf"; sourceTree = "<group>"; fileEncoding = undefined; lastKnownFileType = unknown; explicitFileType = undefined; includeInIndex = 0; };
		937B1DABD34B48C289ED4CCB /* Sofia Pro Light Az.otf */ = {isa = PBXFileReference; name = "Sofia Pro Light Az.otf"; path = "../assets/Fonts/Sofia Pro Light Az.otf"; sourceTree = "<group>"; fileEncoding = undefined; lastKnownFileType = unknown; explicitFileType = undefined; includeInIndex = 0; };
		72937C973D78455E81390B20 /* Sofia Pro Light Italic Az.otf */ = {isa = PBXFileReference; name = "Sofia Pro Light Italic Az.otf"; path = "../assets/Fonts/Sofia Pro Light Italic Az.otf"; sourceTree = "<group>"; fileEncoding = undefined; lastKnownFileType = unknown; explicitFileType = undefined; includeInIndex = 0; };
		82CA4161A7E3451EA489B35B /* Sofia Pro Medium Az.otf */ = {isa = PBXFileReference; name = "Sofia Pro Medium Az.otf"; path = "../assets/Fonts/Sofia Pro Medium Az.otf"; sourceTree = "<group>"; fileEncoding = undefined; lastKnownFileType = unknown; explicitFileType = undefined; includeInIndex = 0; };
		1368648BBCAD4D49A4E47CA1 /* Sofia Pro Medium Italic Az.otf */ = {isa = PBXFileReference; name = "Sofia Pro Medium Italic Az.otf"; path = "../assets/Fonts/Sofia Pro Medium Italic Az.otf"; sourceTree = "<group>"; fileEncoding = undefined; lastKnownFileType = unknown; explicitFileType = undefined; includeInIndex = 0; };
		BCF75D042DD14C64820C0986 /* Sofia Pro Regular Az.otf */ = {isa = PBXFileReference; name = "Sofia Pro Regular Az.otf"; path = "../assets/Fonts/Sofia Pro Regular Az.otf"; sourceTree = "<group>"; fileEncoding = undefined; lastKnownFileType = unknown; explicitFileType = undefined; includeInIndex = 0; };
		E068263C1DE24ADFA2563B92 /* Sofia Pro Regular Italic Az.otf */ = {isa = PBXFileReference; name = "Sofia Pro Regular Italic Az.otf"; path = "../assets/Fonts/Sofia Pro Regular Italic Az.otf"; sourceTree = "<group>"; fileEncoding = undefined; lastKnownFileType = unknown; explicitFileType = undefined; includeInIndex = 0; };
		E43969D8F0E4439B92CFF7D2 /* Sofia Pro Semi Bold Az.otf */ = {isa = PBXFileReference; name = "Sofia Pro Semi Bold Az.otf"; path = "../assets/Fonts/Sofia Pro Semi Bold Az.otf"; sourceTree = "<group>"; fileEncoding = undefined; lastKnownFileType = unknown; explicitFileType = undefined; includeInIndex = 0; };
		CB732EEDE7104CE8BE9F84FC /* Sofia Pro Semi Bold Italic Az.otf */ = {isa = PBXFileReference; name = "Sofia Pro Semi Bold Italic Az.otf"; path = "../assets/Fonts/Sofia Pro Semi Bold Italic Az.otf"; sourceTree = "<group>"; fileEncoding = undefined; lastKnownFileType = unknown; explicitFileType = undefined; includeInIndex = 0; };
		258C3B68A26C43A3B1532C0B /* Sofia Pro UltraLight Az.otf */ = {isa = PBXFileReference; name = "Sofia Pro UltraLight Az.otf"; path = "../assets/Fonts/Sofia Pro UltraLight Az.otf"; sourceTree = "<group>"; fileEncoding = undefined; lastKnownFileType = unknown; explicitFileType = undefined; includeInIndex = 0; };
		D54128326000424D80254C68 /* Sofia Pro UltraLight Italic Az.otf */ = {isa = PBXFileReference; name = "Sofia Pro UltraLight Italic Az.otf"; path = "../assets/Fonts/Sofia Pro UltraLight Italic Az.otf"; sourceTree = "<group>"; fileEncoding = undefined; lastKnownFileType = unknown; explicitFileType = undefined; includeInIndex = 0; };
		95A3EDE6A0B3455B85BAF00E /* todo_splash.png */ = {isa = PBXFileReference; name = "todo_splash.png"; path = "../assets/Images/todo_splash.png"; sourceTree = "<group>"; fileEncoding = undefined; lastKnownFileType = unknown; explicitFileType = undefined; includeInIndex = 0; };
		3D4CFD7777824D6B86F6972F /* todol_icon.png */ = {isa = PBXFileReference; name = "todol_icon.png"; path = "../assets/Images/todol_icon.png"; sourceTree = "<group>"; fileEncoding = undefined; lastKnownFileType = unknown; explicitFileType = undefined; includeInIndex = 0; };
/* End PBXFileReference section */

/* Begin PBXFrameworksBuildPhase section */
		00E356EB1AD99517003FC87E /* Frameworks */ = {
			isa = PBXFrameworksBuildPhase;
			buildActionMask = 2147483647;
			files = (
			);
			runOnlyForDeploymentPostprocessing = 0;
		};
/* End PBXFrameworksBuildPhase section */

/* Begin PBXGroup section */
		00E356EF1AD99517003FC87E /* TodoAppTests */ = {
			isa = PBXGroup;
			children = (
				00E356F21AD99517003FC87E /* TodoAppTests.m */,
				00E356F01AD99517003FC87E /* Supporting Files */,
			);
			path = TodoAppTests;
			sourceTree = "<group>";
		};
		00E356F01AD99517003FC87E /* Supporting Files */ = {
			isa = PBXGroup;
			children = (
				00E356F11AD99517003FC87E /* Info.plist */,
			);
			name = "Supporting Files";
			sourceTree = "<group>";
		};
		13B07FAE1A68108700A75B9A /* TodoApp */ = {
			isa = PBXGroup;
			children = (
				13B07FAF1A68108700A75B9A /* AppDelegate.h */,
				13B07FB01A68108700A75B9A /* AppDelegate.mm */,
				13B07FB51A68108700A75B9A /* Images.xcassets */,
				81AB9BB72411601600AC10FF /* LaunchScreen.storyboard */,
				13B07FB71A68108700A75B9A /* main.m */,
				13B07FB81A68108700A75B9A /* PrivacyInfo.xcprivacy */,
				C316EA0E4E56AE24D89B52A7 /* PrivacyInfo.xcprivacy */,
				0F1C742A2C468F9600B8AA6C /* Info.plist */,
			);
			name = TodoApp;
			sourceTree = "<group>";
		};
		2D16E6871FA4F8E400B85C8A /* Frameworks */ = {
			isa = PBXGroup;
			children = (
				0FC494792C4677350096C047 /* libReact-hermes.a */,
				0FC494772C46771C0096C047 /* hermes.xcframework */,
				ED297162215061F000B7C4FE /* JavaScriptCore.framework */,
			);
			name = Frameworks;
			sourceTree = "<group>";
		};
		832341AE1AAA6A7D00B99B32 /* Libraries */ = {
			isa = PBXGroup;
			children = (
			);
			name = Libraries;
			sourceTree = "<group>";
		};
		83CBB9F61A601CBA00E9B192 = {
			isa = PBXGroup;
			children = (
				13B07FAE1A68108700A75B9A /* TodoApp */,
				832341AE1AAA6A7D00B99B32 /* Libraries */,
				00E356EF1AD99517003FC87E /* TodoAppTests */,
				83CBBA001A601CBA00E9B192 /* Products */,
				2D16E6871FA4F8E400B85C8A /* Frameworks */,
				BBD78D7AC51CEA395F1C20DB /* Pods */,
				D1143B61E47C455F9CC0933E /* Resources */,
			);
			indentWidth = 2;
			sourceTree = "<group>";
			tabWidth = 2;
			usesTabs = 0;
		};
		83CBBA001A601CBA00E9B192 /* Products */ = {
			isa = PBXGroup;
			children = (
				00E356EE1AD99517003FC87E /* TodoAppTests.xctest */,
			);
			name = Products;
			sourceTree = "<group>";
		};
		BBD78D7AC51CEA395F1C20DB /* Pods */ = {
			isa = PBXGroup;
			children = (
			);
			path = Pods;
			sourceTree = "<group>";
		};
		D1143B61E47C455F9CC0933E /* Resources */ = {
			isa = PBXGroup;
			children = (
				2988D5FDC1964B2A9E4C3C40 /* Caveat-Regular.ttf */,
				93A07E6B44F24A338CCEBAC0 /* HurmeGeometricSans3-Bold.ttf */,
				A3FFC1838EAE42B5BBE9F8EC /* LexendDeca-VariableFont_wght.ttf */,
				06E0D88AD87C4CCBB7720124 /* icomoon.ttf */,
				09F142FEC6474373A43DFF84 /* selection.json */,
				3D5DE665BBA849D08D4390E8 /* add_icon.png */,
				4008EADD2F824ABAA2042DC8 /* burger_menu.png */,
				480BCB9EB4C54AD88279AFC3 /* HurmeGeometricSans1-Black.otf */,
				FCE4EDDD4CB7417D86524A43 /* HurmeGeometricSans1-Bold.otf */,
				2359E622A18D4380B4914988 /* HurmeGeometricSans1-BoldOblique.otf */,
				0157E4AEAC534975BC46A65D /* HurmeGeometricSans1-Light.otf */,
				985681083E5545CC815E9A85 /* HurmeGeometricSans1-SemiBold.otf */,
				588BFFD64DAC4485A2766F2E /* HurmeGeometricSans1-Thin.otf */,
				280B1E281672488BA3AF932F /* HurmeGeometricSans1.otf */,
				99C0C9B1B730488CAF1A8C79 /* Sofia Pro Black Az.otf */,
				70D649AA08494042B07ECE25 /* Sofia Pro Black Italic Az.otf */,
				C6C1DE89FC234218B0188E5D /* Sofia Pro Bold Az.otf */,
				B4F538E14C74492F9A8C2110 /* Sofia Pro Bold Italic Az.otf */,
				351924AF7A6A43998084AAA0 /* Sofia Pro ExtraLight Az.otf */,
				C132145EFAAC4DC18D32863B /* Sofia Pro ExtraLight Italic Az.otf */,
				937B1DABD34B48C289ED4CCB /* Sofia Pro Light Az.otf */,
				72937C973D78455E81390B20 /* Sofia Pro Light Italic Az.otf */,
				82CA4161A7E3451EA489B35B /* Sofia Pro Medium Az.otf */,
				1368648BBCAD4D49A4E47CA1 /* Sofia Pro Medium Italic Az.otf */,
				BCF75D042DD14C64820C0986 /* Sofia Pro Regular Az.otf */,
				E068263C1DE24ADFA2563B92 /* Sofia Pro Regular Italic Az.otf */,
				E43969D8F0E4439B92CFF7D2 /* Sofia Pro Semi Bold Az.otf */,
				CB732EEDE7104CE8BE9F84FC /* Sofia Pro Semi Bold Italic Az.otf */,
				258C3B68A26C43A3B1532C0B /* Sofia Pro UltraLight Az.otf */,
				D54128326000424D80254C68 /* Sofia Pro UltraLight Italic Az.otf */,
				95A3EDE6A0B3455B85BAF00E /* todo_splash.png */,
				3D4CFD7777824D6B86F6972F /* todol_icon.png */,
			);
			name = Resources;
			sourceTree = "<group>";
		};
/* End PBXGroup section */

/* Begin PBXNativeTarget section */
		00E356ED1AD99517003FC87E /* TodoAppTests */ = {
			isa = PBXNativeTarget;
			buildConfigurationList = 00E357021AD99517003FC87E /* Build configuration list for PBXNativeTarget "TodoAppTests" */;
			buildPhases = (
				00E356EA1AD99517003FC87E /* Sources */,
				00E356EB1AD99517003FC87E /* Frameworks */,
				00E356EC1AD99517003FC87E /* Resources */,
			);
			buildRules = (
			);
			dependencies = (
			);
			name = TodoAppTests;
			productName = TodoAppTests;
			productReference = 00E356EE1AD99517003FC87E /* TodoAppTests.xctest */;
			productType = "com.apple.product-type.bundle.unit-test";
		};
/* End PBXNativeTarget section */

/* Begin PBXProject section */
		83CBB9F71A601CBA00E9B192 /* Project object */ = {
			isa = PBXProject;
			attributes = {
				BuildIndependentTargetsInParallel = YES;
				LastUpgradeCheck = 1540;
				TargetAttributes = {
					00E356ED1AD99517003FC87E = {
						CreatedOnToolsVersion = 6.2;
						TestTargetID = 13B07F861A680F5B00A75B9A;
					};
				};
			};
			buildConfigurationList = 83CBB9FA1A601CBA00E9B192 /* Build configuration list for PBXProject "TodoApp" */;
			compatibilityVersion = "Xcode 12.0";
			developmentRegion = en;
			hasScannedForEncodings = 0;
			knownRegions = (
				en,
				Base,
			);
			mainGroup = 83CBB9F61A601CBA00E9B192;
			productRefGroup = 83CBBA001A601CBA00E9B192 /* Products */;
			projectDirPath = "";
			projectRoot = "";
			targets = (
				00E356ED1AD99517003FC87E /* TodoAppTests */,
			);
		};
/* End PBXProject section */

/* Begin PBXResourcesBuildPhase section */
		00E356EC1AD99517003FC87E /* Resources */ = {
			isa = PBXResourcesBuildPhase;
			buildActionMask = 2147483647;
			files = (
				8A8EE9BB5683445FB0ED397E /* Sofia Pro Black Az.otf in Resources */,
				5B31382ECD2C45E2B10BBA88 /* Sofia Pro Black Italic Az.otf in Resources */,
				0D090DB7B5924CA0AA5BF260 /* Sofia Pro Bold Az.otf in Resources */,
				A89E3654532D4EE8BC7A1719 /* Sofia Pro Bold Italic Az.otf in Resources */,
				3B35C3B3683040B18CAFCA66 /* Sofia Pro ExtraLight Az.otf in Resources */,
				F6CDD9F8C3F547E9B040EA1C /* Sofia Pro ExtraLight Italic Az.otf in Resources */,
				B3D8C55EF376496988F4AEA9 /* Sofia Pro Light Az.otf in Resources */,
				9A4AD018FAFD40759F9AC32B /* Sofia Pro Light Italic Az.otf in Resources */,
				47C4B9998F404C37AC02A965 /* Sofia Pro Medium Az.otf in Resources */,
				FED008B594074ABCB397355A /* Sofia Pro Medium Italic Az.otf in Resources */,
				97091A4D158147898B954B6D /* Sofia Pro Regular Az.otf in Resources */,
				6504035C69BD49EFBAB4CCE4 /* Sofia Pro Regular Italic Az.otf in Resources */,
				DCC1F53600F847DCAE3AA947 /* Sofia Pro Semi Bold Az.otf in Resources */,
				F658F4320F584BB8B4CDF4AB /* Sofia Pro Semi Bold Italic Az.otf in Resources */,
				3A988F705091421C80B55BD3 /* Sofia Pro UltraLight Az.otf in Resources */,
				023EFE6C2545455A9293D37D /* Sofia Pro UltraLight Italic Az.otf in Resources */,
				3E8B53063ECA47BC84759BA5 /* todo_splash.png in Resources */,
				403E2AEEA3004E67B6EDA0E7 /* todol_icon.png in Resources */,
			);
			runOnlyForDeploymentPostprocessing = 0;
		};
/* End PBXResourcesBuildPhase section */

/* Begin PBXSourcesBuildPhase section */
		00E356EA1AD99517003FC87E /* Sources */ = {
			isa = PBXSourcesBuildPhase;
			buildActionMask = 2147483647;
			files = (
				00E356F31AD99517003FC87E /* TodoAppTests.m in Sources */,
			);
			runOnlyForDeploymentPostprocessing = 0;
		};
/* End PBXSourcesBuildPhase section */

/* Begin XCBuildConfiguration section */
		00E356F61AD99517003FC87E /* Debug */ = {
			isa = XCBuildConfiguration;
			buildSettings = {
				BUNDLE_LOADER = "$(TEST_HOST)";
				GCC_PREPROCESSOR_DEFINITIONS = (
					"DEBUG=1",
					"$(inherited)",
				);
				INFOPLIST_FILE = TodoAppTests/Info.plist;
				IPHONEOS_DEPLOYMENT_TARGET = 13.4;
				LD_RUNPATH_SEARCH_PATHS = (
					"$(inherited)",
					"@executable_path/Frameworks",
					"@loader_path/Frameworks",
				);
				OTHER_LDFLAGS = (
					"-ObjC",
					"-lc++",
					"$(inherited)",
				);
				PRODUCT_BUNDLE_IDENTIFIER = "org.reactjs.native.example.$(PRODUCT_NAME:rfc1034identifier)";
				PRODUCT_NAME = "$(TARGET_NAME)";
				TEST_HOST = "$(BUILT_PRODUCTS_DIR)/TodoApp.app/TodoApp";
			};
			name = Debug;
		};
		00E356F71AD99517003FC87E /* Release */ = {
			isa = XCBuildConfiguration;
			buildSettings = {
				BUNDLE_LOADER = "$(TEST_HOST)";
				COPY_PHASE_STRIP = NO;
				INFOPLIST_FILE = TodoAppTests/Info.plist;
				IPHONEOS_DEPLOYMENT_TARGET = 13.4;
				LD_RUNPATH_SEARCH_PATHS = (
					"$(inherited)",
					"@executable_path/Frameworks",
					"@loader_path/Frameworks",
				);
				OTHER_LDFLAGS = (
					"-ObjC",
					"-lc++",
					"$(inherited)",
				);
				PRODUCT_BUNDLE_IDENTIFIER = "org.reactjs.native.example.$(PRODUCT_NAME:rfc1034identifier)";
				PRODUCT_NAME = "$(TARGET_NAME)";
				TEST_HOST = "$(BUILT_PRODUCTS_DIR)/TodoApp.app/TodoApp";
			};
			name = Release;
		};
		83CBBA201A601CBA00E9B192 /* Debug */ = {
			isa = XCBuildConfiguration;
			buildSettings = {
				ALWAYS_SEARCH_USER_PATHS = NO;
				CC = "";
				CLANG_ANALYZER_LOCALIZABILITY_NONLOCALIZED = YES;
				CLANG_CXX_LANGUAGE_STANDARD = "c++20";
				CLANG_CXX_LIBRARY = "libc++";
				CLANG_ENABLE_MODULES = YES;
				CLANG_ENABLE_OBJC_ARC = YES;
				CLANG_WARN_BLOCK_CAPTURE_AUTORELEASING = YES;
				CLANG_WARN_BOOL_CONVERSION = YES;
				CLANG_WARN_COMMA = YES;
				CLANG_WARN_CONSTANT_CONVERSION = YES;
				CLANG_WARN_DEPRECATED_OBJC_IMPLEMENTATIONS = YES;
				CLANG_WARN_DIRECT_OBJC_ISA_USAGE = YES_ERROR;
				CLANG_WARN_EMPTY_BODY = YES;
				CLANG_WARN_ENUM_CONVERSION = YES;
				CLANG_WARN_INFINITE_RECURSION = YES;
				CLANG_WARN_INT_CONVERSION = YES;
				CLANG_WARN_NON_LITERAL_NULL_CONVERSION = YES;
				CLANG_WARN_OBJC_IMPLICIT_RETAIN_SELF = YES;
				CLANG_WARN_OBJC_LITERAL_CONVERSION = YES;
				CLANG_WARN_OBJC_ROOT_CLASS = YES_ERROR;
				CLANG_WARN_QUOTED_INCLUDE_IN_FRAMEWORK_HEADER = YES;
				CLANG_WARN_RANGE_LOOP_ANALYSIS = YES;
				CLANG_WARN_STRICT_PROTOTYPES = YES;
				CLANG_WARN_SUSPICIOUS_MOVE = YES;
				CLANG_WARN_UNREACHABLE_CODE = YES;
				CLANG_WARN__DUPLICATE_METHOD_MATCH = YES;
				"CODE_SIGN_IDENTITY[sdk=iphoneos*]" = "iPhone Developer";
				COPY_PHASE_STRIP = NO;
				CXX = "";
				ENABLE_STRICT_OBJC_MSGSEND = YES;
				ENABLE_TESTABILITY = YES;
				ENABLE_USER_SCRIPT_SANDBOXING = NO;
				"EXCLUDED_ARCHS[sdk=iphonesimulator*]" = "";
				GCC_C_LANGUAGE_STANDARD = gnu99;
				GCC_DYNAMIC_NO_PIC = NO;
				GCC_NO_COMMON_BLOCKS = YES;
				GCC_OPTIMIZATION_LEVEL = 0;
				GCC_PREPROCESSOR_DEFINITIONS = (
					"DEBUG=1",
					"$(inherited)",
				);
				GCC_SYMBOLS_PRIVATE_EXTERN = NO;
				GCC_WARN_64_TO_32_BIT_CONVERSION = YES;
				GCC_WARN_ABOUT_RETURN_TYPE = YES_ERROR;
				GCC_WARN_UNDECLARED_SELECTOR = YES;
				GCC_WARN_UNINITIALIZED_AUTOS = YES_AGGRESSIVE;
				GCC_WARN_UNUSED_FUNCTION = YES;
				GCC_WARN_UNUSED_VARIABLE = YES;
				IPHONEOS_DEPLOYMENT_TARGET = 13.4;
				LD = "";
				LDPLUSPLUS = "";
				LD_RUNPATH_SEARCH_PATHS = (
					/usr/lib/swift,
					"$(inherited)",
				);
				LIBRARY_SEARCH_PATHS = (
					"\"$(SDKROOT)/usr/lib/swift\"",
					"\"$(TOOLCHAIN_DIR)/usr/lib/swift/$(PLATFORM_NAME)\"",
					"\"$(inherited)\"",
				);
				MTL_ENABLE_DEBUG_INFO = YES;
				ONLY_ACTIVE_ARCH = YES;
				OTHER_CPLUSPLUSFLAGS = (
					"$(OTHER_CFLAGS)",
					"-DFOLLY_NO_CONFIG",
					"-DFOLLY_MOBILE=1",
					"-DFOLLY_USE_LIBCPP=1",
					"-DFOLLY_CFG_NO_COROUTINES=1",
					"-DFOLLY_HAVE_CLOCK_GETTIME=1",
				);
				OTHER_LDFLAGS = (
					"$(inherited)",
					" ",
				);
				REACT_NATIVE_PATH = "${PODS_ROOT}/../../node_modules/react-native";
				SDKROOT = iphoneos;
				USE_HERMES = true;
			};
			name = Debug;
		};
		83CBBA211A601CBA00E9B192 /* Release */ = {
			isa = XCBuildConfiguration;
			buildSettings = {
				ALWAYS_SEARCH_USER_PATHS = NO;
				CC = "";
				CLANG_ANALYZER_LOCALIZABILITY_NONLOCALIZED = YES;
				CLANG_CXX_LANGUAGE_STANDARD = "c++20";
				CLANG_CXX_LIBRARY = "libc++";
				CLANG_ENABLE_MODULES = YES;
				CLANG_ENABLE_OBJC_ARC = YES;
				CLANG_WARN_BLOCK_CAPTURE_AUTORELEASING = YES;
				CLANG_WARN_BOOL_CONVERSION = YES;
				CLANG_WARN_COMMA = YES;
				CLANG_WARN_CONSTANT_CONVERSION = YES;
				CLANG_WARN_DEPRECATED_OBJC_IMPLEMENTATIONS = YES;
				CLANG_WARN_DIRECT_OBJC_ISA_USAGE = YES_ERROR;
				CLANG_WARN_EMPTY_BODY = YES;
				CLANG_WARN_ENUM_CONVERSION = YES;
				CLANG_WARN_INFINITE_RECURSION = YES;
				CLANG_WARN_INT_CONVERSION = YES;
				CLANG_WARN_NON_LITERAL_NULL_CONVERSION = YES;
				CLANG_WARN_OBJC_IMPLICIT_RETAIN_SELF = YES;
				CLANG_WARN_OBJC_LITERAL_CONVERSION = YES;
				CLANG_WARN_OBJC_ROOT_CLASS = YES_ERROR;
				CLANG_WARN_QUOTED_INCLUDE_IN_FRAMEWORK_HEADER = YES;
				CLANG_WARN_RANGE_LOOP_ANALYSIS = YES;
				CLANG_WARN_STRICT_PROTOTYPES = YES;
				CLANG_WARN_SUSPICIOUS_MOVE = YES;
				CLANG_WARN_UNREACHABLE_CODE = YES;
				CLANG_WARN__DUPLICATE_METHOD_MATCH = YES;
				"CODE_SIGN_IDENTITY[sdk=iphoneos*]" = "iPhone Developer";
				COPY_PHASE_STRIP = YES;
				CXX = "";
				ENABLE_NS_ASSERTIONS = NO;
				ENABLE_STRICT_OBJC_MSGSEND = YES;
				ENABLE_USER_SCRIPT_SANDBOXING = NO;
				"EXCLUDED_ARCHS[sdk=iphonesimulator*]" = "";
				GCC_C_LANGUAGE_STANDARD = gnu99;
				GCC_NO_COMMON_BLOCKS = YES;
				GCC_WARN_64_TO_32_BIT_CONVERSION = YES;
				GCC_WARN_ABOUT_RETURN_TYPE = YES_ERROR;
				GCC_WARN_UNDECLARED_SELECTOR = YES;
				GCC_WARN_UNINITIALIZED_AUTOS = YES_AGGRESSIVE;
				GCC_WARN_UNUSED_FUNCTION = YES;
				GCC_WARN_UNUSED_VARIABLE = YES;
				IPHONEOS_DEPLOYMENT_TARGET = 13.4;
				LD = "";
				LDPLUSPLUS = "";
				LD_RUNPATH_SEARCH_PATHS = (
					/usr/lib/swift,
					"$(inherited)",
				);
				LIBRARY_SEARCH_PATHS = (
					"\"$(SDKROOT)/usr/lib/swift\"",
					"\"$(TOOLCHAIN_DIR)/usr/lib/swift/$(PLATFORM_NAME)\"",
					"\"$(inherited)\"",
				);
				MTL_ENABLE_DEBUG_INFO = NO;
				OTHER_CPLUSPLUSFLAGS = (
					"$(OTHER_CFLAGS)",
					"-DFOLLY_NO_CONFIG",
					"-DFOLLY_MOBILE=1",
					"-DFOLLY_USE_LIBCPP=1",
					"-DFOLLY_CFG_NO_COROUTINES=1",
					"-DFOLLY_HAVE_CLOCK_GETTIME=1",
				);
				OTHER_LDFLAGS = (
					"$(inherited)",
					" ",
				);
				REACT_NATIVE_PATH = "${PODS_ROOT}/../../node_modules/react-native";
				SDKROOT = iphoneos;
				USE_HERMES = true;
				VALIDATE_PRODUCT = YES;
			};
			name = Release;
		};
/* End XCBuildConfiguration section */

/* Begin XCConfigurationList section */
		00E357021AD99517003FC87E /* Build configuration list for PBXNativeTarget "TodoAppTests" */ = {
			isa = XCConfigurationList;
			buildConfigurations = (
				00E356F61AD99517003FC87E /* Debug */,
				00E356F71AD99517003FC87E /* Release */,
			);
			defaultConfigurationIsVisible = 0;
			defaultConfigurationName = Debug;
		};
		83CBB9FA1A601CBA00E9B192 /* Build configuration list for PBXProject "TodoApp" */ = {
			isa = XCConfigurationList;
			buildConfigurations = (
				83CBBA201A601CBA00E9B192 /* Debug */,
				83CBBA211A601CBA00E9B192 /* Release */,
			);
			defaultConfigurationIsVisible = 0;
			defaultConfigurationName = Debug;
		};
/* End XCConfigurationList section */
	};
	rootObject = 83CBB9F71A601CBA00E9B192 /* Project object */;
}
